
Microsoft Visual Studio Solution File, Format Version 12.00
# Visual Studio Version 16
VisualStudioVersion = 16.0.29519.87
MinimumVisualStudioVersion = 10.0.40219.1
Project("{2150E333-8FDC-42A3-9474-1A3956D46DE8}") = "Day 01", "Day 01", "{6691A465-C55F-4CA9-8C8E-7C7393F9E0F6}"
EndProject
Project("{2150E333-8FDC-42A3-9474-1A3956D46DE8}") = "Solution Items", "Solution Items", "{63489F79-D686-4628-97A4-84E1135567A8}"
	ProjectSection(SolutionItems) = preProject
		.gitignore = .gitignore
	EndProjectSection
EndProject
Project("{2150E333-8FDC-42A3-9474-1A3956D46DE8}") = "Day 02", "Day 02", "{602735E9-7D4B-45BE-B460-A15E9776F17D}"
EndProject
Project("{2150E333-8FDC-42A3-9474-1A3956D46DE8}") = "Day 03", "Day 03", "{DE77284F-9305-45C0-8DFA-AE446098B1F4}"
EndProject
Project("{2150E333-8FDC-42A3-9474-1A3956D46DE8}") = "Day 04", "Day 04", "{D6F7C19F-C643-47E0-B8B8-2F98EF8B1A14}"
EndProject
Project("{9A19103F-16F7-4668-BE54-9A1E7A4F7556}") = "AdventOfCode2019.Day04", "src\AdventOfCode2019.Day04\AdventOfCode2019.Day04.csproj", "{5BBCF9DF-6951-4F10-9866-B66048049457}"
EndProject
Project("{9A19103F-16F7-4668-BE54-9A1E7A4F7556}") = "AdventOfCode2019.Day04.Tests", "test\AdventOfCode2019.Day04.Tests\AdventOfCode2019.Day04.Tests.csproj", "{EA7D3263-7000-4FF5-B9F1-94DDA3882A6C}"
EndProject
Project("{9A19103F-16F7-4668-BE54-9A1E7A4F7556}") = "AdventOfCode2019.Day01", "src\AdventOfCode2019.Day01\AdventOfCode2019.Day01.csproj", "{0B3889D6-8F4A-4CFA-BBF3-DA1799D77ACF}"
EndProject
Project("{9A19103F-16F7-4668-BE54-9A1E7A4F7556}") = "AdventOfCode2019.Day02", "src\AdventOfCode2019.Day02\AdventOfCode2019.Day02.csproj", "{3E57BD3A-C0DA-4E09-ADB6-A8770F9A2D55}"
EndProject
Project("{9A19103F-16F7-4668-BE54-9A1E7A4F7556}") = "AdventOfCode2019.Day03", "src\AdventOfCode2019.Day03\AdventOfCode2019.Day03.csproj", "{88C191F7-5A0B-4B52-B40F-8A65637458E5}"
EndProject
Project("{9A19103F-16F7-4668-BE54-9A1E7A4F7556}") = "AdventOfCode2019.Day01.Tests", "test\AdventOfCode2019.Day01.Tests\AdventOfCode2019.Day01.Tests.csproj", "{001052B8-7EFE-4B5E-9D2B-81F7CE50AA91}"
EndProject
Project("{9A19103F-16F7-4668-BE54-9A1E7A4F7556}") = "AdventOfCode2019.Day02.Tests", "test\AdventOfCode2019.Day02.Tests\AdventOfCode2019.Day02.Tests.csproj", "{87F8F931-0CE4-45B8-A116-55B0E31575B3}"
EndProject
Project("{9A19103F-16F7-4668-BE54-9A1E7A4F7556}") = "AdventOfCode2019.Day03.Tests", "test\AdventOfCode2019.Day03.Tests\AdventOfCode2019.Day03.Tests.csproj", "{ADC79B7E-2171-4485-8CF4-FD988ED925D5}"
EndProject
Project("{2150E333-8FDC-42A3-9474-1A3956D46DE8}") = "Day 05", "Day 05", "{43A8FD92-1699-4ED3-9EA6-56D77272263F}"
EndProject
Project("{FAE04EC0-301F-11D3-BF4B-00C04F79EFBC}") = "AdventOfCode2019.Day05", "src\AdventOfCode2019.Day05\AdventOfCode2019.Day05.csproj", "{C055D115-4E30-4E8B-80A4-16A1D787D1A9}"
EndProject
Global
	GlobalSection(SolutionConfigurationPlatforms) = preSolution
		Debug|Any CPU = Debug|Any CPU
		Release|Any CPU = Release|Any CPU
	EndGlobalSection
	GlobalSection(ProjectConfigurationPlatforms) = postSolution
		{5BBCF9DF-6951-4F10-9866-B66048049457}.Debug|Any CPU.ActiveCfg = Debug|Any CPU
		{5BBCF9DF-6951-4F10-9866-B66048049457}.Debug|Any CPU.Build.0 = Debug|Any CPU
		{5BBCF9DF-6951-4F10-9866-B66048049457}.Release|Any CPU.ActiveCfg = Release|Any CPU
		{5BBCF9DF-6951-4F10-9866-B66048049457}.Release|Any CPU.Build.0 = Release|Any CPU
		{EA7D3263-7000-4FF5-B9F1-94DDA3882A6C}.Debug|Any CPU.ActiveCfg = Debug|Any CPU
		{EA7D3263-7000-4FF5-B9F1-94DDA3882A6C}.Debug|Any CPU.Build.0 = Debug|Any CPU
		{EA7D3263-7000-4FF5-B9F1-94DDA3882A6C}.Release|Any CPU.ActiveCfg = Release|Any CPU
		{EA7D3263-7000-4FF5-B9F1-94DDA3882A6C}.Release|Any CPU.Build.0 = Release|Any CPU
		{0B3889D6-8F4A-4CFA-BBF3-DA1799D77ACF}.Debug|Any CPU.ActiveCfg = Debug|Any CPU
		{0B3889D6-8F4A-4CFA-BBF3-DA1799D77ACF}.Debug|Any CPU.Build.0 = Debug|Any CPU
		{0B3889D6-8F4A-4CFA-BBF3-DA1799D77ACF}.Release|Any CPU.ActiveCfg = Release|Any CPU
		{0B3889D6-8F4A-4CFA-BBF3-DA1799D77ACF}.Release|Any CPU.Build.0 = Release|Any CPU
		{3E57BD3A-C0DA-4E09-ADB6-A8770F9A2D55}.Debug|Any CPU.ActiveCfg = Debug|Any CPU
		{3E57BD3A-C0DA-4E09-ADB6-A8770F9A2D55}.Debug|Any CPU.Build.0 = Debug|Any CPU
		{3E57BD3A-C0DA-4E09-ADB6-A8770F9A2D55}.Release|Any CPU.ActiveCfg = Release|Any CPU
		{3E57BD3A-C0DA-4E09-ADB6-A8770F9A2D55}.Release|Any CPU.Build.0 = Release|Any CPU
		{88C191F7-5A0B-4B52-B40F-8A65637458E5}.Debug|Any CPU.ActiveCfg = Debug|Any CPU
		{88C191F7-5A0B-4B52-B40F-8A65637458E5}.Debug|Any CPU.Build.0 = Debug|Any CPU
		{88C191F7-5A0B-4B52-B40F-8A65637458E5}.Release|Any CPU.ActiveCfg = Release|Any CPU
		{88C191F7-5A0B-4B52-B40F-8A65637458E5}.Release|Any CPU.Build.0 = Release|Any CPU
		{001052B8-7EFE-4B5E-9D2B-81F7CE50AA91}.Debug|Any CPU.ActiveCfg = Debug|Any CPU
		{001052B8-7EFE-4B5E-9D2B-81F7CE50AA91}.Debug|Any CPU.Build.0 = Debug|Any CPU
		{001052B8-7EFE-4B5E-9D2B-81F7CE50AA91}.Release|Any CPU.ActiveCfg = Release|Any CPU
		{001052B8-7EFE-4B5E-9D2B-81F7CE50AA91}.Release|Any CPU.Build.0 = Release|Any CPU
		{87F8F931-0CE4-45B8-A116-55B0E31575B3}.Debug|Any CPU.ActiveCfg = Debug|Any CPU
		{87F8F931-0CE4-45B8-A116-55B0E31575B3}.Debug|Any CPU.Build.0 = Debug|Any CPU
		{87F8F931-0CE4-45B8-A116-55B0E31575B3}.Release|Any CPU.ActiveCfg = Release|Any CPU
		{87F8F931-0CE4-45B8-A116-55B0E31575B3}.Release|Any CPU.Build.0 = Release|Any CPU
		{ADC79B7E-2171-4485-8CF4-FD988ED925D5}.Debug|Any CPU.ActiveCfg = Debug|Any CPU
		{ADC79B7E-2171-4485-8CF4-FD988ED925D5}.Debug|Any CPU.Build.0 = Debug|Any CPU
		{ADC79B7E-2171-4485-8CF4-FD988ED925D5}.Release|Any CPU.ActiveCfg = Release|Any CPU
		{ADC79B7E-2171-4485-8CF4-FD988ED925D5}.Release|Any CPU.Build.0 = Release|Any CPU
		{C055D115-4E30-4E8B-80A4-16A1D787D1A9}.Debug|Any CPU.ActiveCfg = Debug|Any CPU
		{C055D115-4E30-4E8B-80A4-16A1D787D1A9}.Debug|Any CPU.Build.0 = Debug|Any CPU
		{C055D115-4E30-4E8B-80A4-16A1D787D1A9}.Release|Any CPU.ActiveCfg = Release|Any CPU
		{C055D115-4E30-4E8B-80A4-16A1D787D1A9}.Release|Any CPU.Build.0 = Release|Any CPU
	EndGlobalSection
	GlobalSection(SolutionProperties) = preSolution
		HideSolutionNode = FALSE
	EndGlobalSection
	GlobalSection(NestedProjects) = preSolution
		{5BBCF9DF-6951-4F10-9866-B66048049457} = {D6F7C19F-C643-47E0-B8B8-2F98EF8B1A14}
		{EA7D3263-7000-4FF5-B9F1-94DDA3882A6C} = {D6F7C19F-C643-47E0-B8B8-2F98EF8B1A14}
		{0B3889D6-8F4A-4CFA-BBF3-DA1799D77ACF} = {6691A465-C55F-4CA9-8C8E-7C7393F9E0F6}
		{3E57BD3A-C0DA-4E09-ADB6-A8770F9A2D55} = {602735E9-7D4B-45BE-B460-A15E9776F17D}
		{88C191F7-5A0B-4B52-B40F-8A65637458E5} = {DE77284F-9305-45C0-8DFA-AE446098B1F4}
		{001052B8-7EFE-4B5E-9D2B-81F7CE50AA91} = {6691A465-C55F-4CA9-8C8E-7C7393F9E0F6}
		{87F8F931-0CE4-45B8-A116-55B0E31575B3} = {602735E9-7D4B-45BE-B460-A15E9776F17D}
		{ADC79B7E-2171-4485-8CF4-FD988ED925D5} = {DE77284F-9305-45C0-8DFA-AE446098B1F4}
		{C055D115-4E30-4E8B-80A4-16A1D787D1A9} = {43A8FD92-1699-4ED3-9EA6-56D77272263F}
	EndGlobalSection
	GlobalSection(ExtensibilityGlobals) = postSolution
		SolutionGuid = {8997EBF4-5515-4971-9044-7A85D37C7A2A}
	EndGlobalSection
EndGlobal
