
Microsoft Visual Studio Solution File, Format Version 12.00
# Visual Studio Version 16
VisualStudioVersion = 16.0.29519.87
MinimumVisualStudioVersion = 10.0.40219.1
Project("{2150E333-8FDC-42A3-9474-1A3956D46DE8}") = "Day 01", "Day 01", "{6691A465-C55F-4CA9-8C8E-7C7393F9E0F6}"
EndProject
Project("{9A19103F-16F7-4668-BE54-9A1E7A4F7556}") = "AdventOfCode2019.Day01", "AdventOfCode2019.Day01\AdventOfCode2019.Day01.csproj", "{160C811D-AC0C-41D7-B00D-12090A7D5830}"
EndProject
Project("{2150E333-8FDC-42A3-9474-1A3956D46DE8}") = "Solution Items", "Solution Items", "{63489F79-D686-4628-97A4-84E1135567A8}"
	ProjectSection(SolutionItems) = preProject
		.gitignore = .gitignore
	EndProjectSection
EndProject
Project("{9A19103F-16F7-4668-BE54-9A1E7A4F7556}") = "AdventOfCode2019.Day01.Tests", "AdventOfCode2019.Day01.Tests\AdventOfCode2019.Day01.Tests.csproj", "{9A4C9BDC-21E9-4607-B436-9AFB4ABBF190}"
EndProject
Project("{9A19103F-16F7-4668-BE54-9A1E7A4F7556}") = "AdventOfCode2019.Day02", "AdventOfCode2019.Day02\AdventOfCode2019.Day02.csproj", "{6242532E-A137-4775-94A6-26D4D855035D}"
EndProject
Project("{2150E333-8FDC-42A3-9474-1A3956D46DE8}") = "Day 02", "Day 02", "{602735E9-7D4B-45BE-B460-A15E9776F17D}"
EndProject
Project("{9A19103F-16F7-4668-BE54-9A1E7A4F7556}") = "AdventOfCode2019.Day02.Tests", "AdventOfCode2019.Day02.Tests\AdventOfCode2019.Day02.Tests.csproj", "{DD69836E-4114-46FE-B4C6-3C4FDD8E9116}"
EndProject
Project("{2150E333-8FDC-42A3-9474-1A3956D46DE8}") = "Day 03", "Day 03", "{DE77284F-9305-45C0-8DFA-AE446098B1F4}"
EndProject
Project("{FAE04EC0-301F-11D3-BF4B-00C04F79EFBC}") = "AdventOfCode2019.Day03", "AdventOfCode2019.Day03\AdventOfCode2019.Day03.csproj", "{F0F6E8E5-1056-4DA3-B5C0-C8A6CF6DA29F}"
EndProject
Project("{FAE04EC0-301F-11D3-BF4B-00C04F79EFBC}") = "AdventOfCode2019.Day03.Tests", "AdventOfCode2019.Day03.Tests\AdventOfCode2019.Day03.Tests.csproj", "{83C3C65E-5B7A-4546-8171-D33C41026EE9}"
EndProject
Global
	GlobalSection(SolutionConfigurationPlatforms) = preSolution
		Debug|Any CPU = Debug|Any CPU
		Release|Any CPU = Release|Any CPU
	EndGlobalSection
	GlobalSection(ProjectConfigurationPlatforms) = postSolution
		{160C811D-AC0C-41D7-B00D-12090A7D5830}.Debug|Any CPU.ActiveCfg = Debug|Any CPU
		{160C811D-AC0C-41D7-B00D-12090A7D5830}.Debug|Any CPU.Build.0 = Debug|Any CPU
		{160C811D-AC0C-41D7-B00D-12090A7D5830}.Release|Any CPU.ActiveCfg = Release|Any CPU
		{160C811D-AC0C-41D7-B00D-12090A7D5830}.Release|Any CPU.Build.0 = Release|Any CPU
		{9A4C9BDC-21E9-4607-B436-9AFB4ABBF190}.Debug|Any CPU.ActiveCfg = Debug|Any CPU
		{9A4C9BDC-21E9-4607-B436-9AFB4ABBF190}.Debug|Any CPU.Build.0 = Debug|Any CPU
		{9A4C9BDC-21E9-4607-B436-9AFB4ABBF190}.Release|Any CPU.ActiveCfg = Release|Any CPU
		{9A4C9BDC-21E9-4607-B436-9AFB4ABBF190}.Release|Any CPU.Build.0 = Release|Any CPU
		{6242532E-A137-4775-94A6-26D4D855035D}.Debug|Any CPU.ActiveCfg = Debug|Any CPU
		{6242532E-A137-4775-94A6-26D4D855035D}.Debug|Any CPU.Build.0 = Debug|Any CPU
		{6242532E-A137-4775-94A6-26D4D855035D}.Release|Any CPU.ActiveCfg = Release|Any CPU
		{6242532E-A137-4775-94A6-26D4D855035D}.Release|Any CPU.Build.0 = Release|Any CPU
		{DD69836E-4114-46FE-B4C6-3C4FDD8E9116}.Debug|Any CPU.ActiveCfg = Debug|Any CPU
		{DD69836E-4114-46FE-B4C6-3C4FDD8E9116}.Debug|Any CPU.Build.0 = Debug|Any CPU
		{DD69836E-4114-46FE-B4C6-3C4FDD8E9116}.Release|Any CPU.ActiveCfg = Release|Any CPU
		{DD69836E-4114-46FE-B4C6-3C4FDD8E9116}.Release|Any CPU.Build.0 = Release|Any CPU
		{F0F6E8E5-1056-4DA3-B5C0-C8A6CF6DA29F}.Debug|Any CPU.ActiveCfg = Debug|Any CPU
		{F0F6E8E5-1056-4DA3-B5C0-C8A6CF6DA29F}.Debug|Any CPU.Build.0 = Debug|Any CPU
		{F0F6E8E5-1056-4DA3-B5C0-C8A6CF6DA29F}.Release|Any CPU.ActiveCfg = Release|Any CPU
		{F0F6E8E5-1056-4DA3-B5C0-C8A6CF6DA29F}.Release|Any CPU.Build.0 = Release|Any CPU
		{83C3C65E-5B7A-4546-8171-D33C41026EE9}.Debug|Any CPU.ActiveCfg = Debug|Any CPU
		{83C3C65E-5B7A-4546-8171-D33C41026EE9}.Debug|Any CPU.Build.0 = Debug|Any CPU
		{83C3C65E-5B7A-4546-8171-D33C41026EE9}.Release|Any CPU.ActiveCfg = Release|Any CPU
		{83C3C65E-5B7A-4546-8171-D33C41026EE9}.Release|Any CPU.Build.0 = Release|Any CPU
	EndGlobalSection
	GlobalSection(SolutionProperties) = preSolution
		HideSolutionNode = FALSE
	EndGlobalSection
	GlobalSection(NestedProjects) = preSolution
		{160C811D-AC0C-41D7-B00D-12090A7D5830} = {6691A465-C55F-4CA9-8C8E-7C7393F9E0F6}
		{9A4C9BDC-21E9-4607-B436-9AFB4ABBF190} = {6691A465-C55F-4CA9-8C8E-7C7393F9E0F6}
		{6242532E-A137-4775-94A6-26D4D855035D} = {602735E9-7D4B-45BE-B460-A15E9776F17D}
		{DD69836E-4114-46FE-B4C6-3C4FDD8E9116} = {602735E9-7D4B-45BE-B460-A15E9776F17D}
		{F0F6E8E5-1056-4DA3-B5C0-C8A6CF6DA29F} = {DE77284F-9305-45C0-8DFA-AE446098B1F4}
		{83C3C65E-5B7A-4546-8171-D33C41026EE9} = {DE77284F-9305-45C0-8DFA-AE446098B1F4}
	EndGlobalSection
	GlobalSection(ExtensibilityGlobals) = postSolution
		SolutionGuid = {8997EBF4-5515-4971-9044-7A85D37C7A2A}
	EndGlobalSection
EndGlobal
